
Microsoft Visual Studio Solution File, Format Version 12.00
# Visual Studio Version 16
VisualStudioVersion = 16.0.33927.289
MinimumVisualStudioVersion = 10.0.40219.1
Project("{9A19103F-16F7-4668-BE54-9A1E7A4F7556}") = "MyWebServer", "MyWebServer\MyWebServer.csproj", "{E5F5D2EA-3D45-4EB4-9F52-73DA85B9F99E}"
EndProject
Project("{FAE04EC0-301F-11D3-BF4B-00C04F79EFBC}") = "MyWebServer.Server", "MyWebServer.Server\MyWebServer.Server.csproj", "{7A5FEE0D-5DA7-4F26-9E46-56EB3D6C8772}"
EndProject
Global
	GlobalSection(SolutionConfigurationPlatforms) = preSolution
		Debug|Any CPU = Debug|Any CPU
		Release|Any CPU = Release|Any CPU
	EndGlobalSection
	GlobalSection(ProjectConfigurationPlatforms) = postSolution
		{E5F5D2EA-3D45-4EB4-9F52-73DA85B9F99E}.Debug|Any CPU.ActiveCfg = Debug|Any CPU
		{E5F5D2EA-3D45-4EB4-9F52-73DA85B9F99E}.Debug|Any CPU.Build.0 = Debug|Any CPU
		{E5F5D2EA-3D45-4EB4-9F52-73DA85B9F99E}.Release|Any CPU.ActiveCfg = Release|Any CPU
		{E5F5D2EA-3D45-4EB4-9F52-73DA85B9F99E}.Release|Any CPU.Build.0 = Release|Any CPU
		{7A5FEE0D-5DA7-4F26-9E46-56EB3D6C8772}.Debug|Any CPU.ActiveCfg = Debug|Any CPU
		{7A5FEE0D-5DA7-4F26-9E46-56EB3D6C8772}.Debug|Any CPU.Build.0 = Debug|Any CPU
		{7A5FEE0D-5DA7-4F26-9E46-56EB3D6C8772}.Release|Any CPU.ActiveCfg = Release|Any CPU
		{7A5FEE0D-5DA7-4F26-9E46-56EB3D6C8772}.Release|Any CPU.Build.0 = Release|Any CPU
	EndGlobalSection
	GlobalSection(SolutionProperties) = preSolution
		HideSolutionNode = FALSE
	EndGlobalSection
	GlobalSection(ExtensibilityGlobals) = postSolution
		SolutionGuid = {5551FFCE-7633-40E4-A8A0-ECECC7BA0CCB}
	EndGlobalSection
EndGlobal
